{
  "name": "library",
  "version": "1.0.0",
  "lockfileVersion": 2,
  "requires": true,
  "packages": {
    "": {
      "name": "library",
      "version": "1.0.0",
      "license": "ISC",
      "dependencies": {
        "@3nergetik/ajs": "^1.0.0"
      }
    },
    "node_modules/@3nergetik/ajs": {
      "version": "1.0.0",
      "resolved": "https://npm.pkg.github.com/download/@3nergetik/ajs/1.0.0/2da90e839e1d2b610f325a71fa4e9f6aab84fb9dfca73400c8c8b021fc49b35f",
      "integrity": "sha512-pqCOFOgt56dfRPHgF4UzbP4ja5y5iiKGNgIetU8blMVDCTSaSRDpDWcQ6mDqkImW4W/ctmkrut64ungHAivP5g==",
      "license": "ISC"
    }
  },
  "dependencies": {
    "@3nergetik/ajs": {
      "version": "1.0.0",
      "resolved": "https://npm.pkg.github.com/download/@3nergetik/ajs/1.0.0/2da90e839e1d2b610f325a71fa4e9f6aab84fb9dfca73400c8c8b021fc49b35f",
      "integrity": "sha512-pqCOFOgt56dfRPHgF4UzbP4ja5y5iiKGNgIetU8blMVDCTSaSRDpDWcQ6mDqkImW4W/ctmkrut64ungHAivP5g=="
    }
  }
}
